// !$*UTF8*$!
{
	archiveVersion = 1;
	classes = {
	};
	objectVersion = 56;
	objects = {

/* Begin PBXBuildFile section */
		E7273D4D293E7EC50051177D /* CircularTextView.swift in Sources */ = {isa = PBXBuildFile; fileRef = E7273D4C293E7EC50051177D /* CircularTextView.swift */; };
		E7273D4F293E89D20051177D /* Astronauts.swift in Sources */ = {isa = PBXBuildFile; fileRef = E7273D4E293E89D20051177D /* Astronauts.swift */; };
		E75657F8292A6D4600642883 /* ServerSide_swiftApp.swift in Sources */ = {isa = PBXBuildFile; fileRef = E75657F7292A6D4600642883 /* ServerSide_swiftApp.swift */; };
		E75657FA292A6D4600642883 /* ContentView.swift in Sources */ = {isa = PBXBuildFile; fileRef = E75657F9292A6D4600642883 /* ContentView.swift */; };
		E75657FC292A6D4700642883 /* Assets.xcassets in Resources */ = {isa = PBXBuildFile; fileRef = E75657FB292A6D4700642883 /* Assets.xcassets */; };
		E75657FF292A6D4700642883 /* Preview Assets.xcassets in Resources */ = {isa = PBXBuildFile; fileRef = E75657FE292A6D4700642883 /* Preview Assets.xcassets */; };
		E7565807292A6E6100642883 /* Vapor in Frameworks */ = {isa = PBXBuildFile; productRef = E7565806292A6E6100642883 /* Vapor */; };
		E756580A292A6EB300642883 /* Leaf in Frameworks */ = {isa = PBXBuildFile; productRef = E7565809292A6EB300642883 /* Leaf */; };
		E756580C292A6FCC00642883 /* ContentView+ViewModel.swift in Sources */ = {isa = PBXBuildFile; fileRef = E756580B292A6FCC00642883 /* ContentView+ViewModel.swift */; };
		E756580E292A71FD00642883 /* Server.swift in Sources */ = {isa = PBXBuildFile; fileRef = E756580D292A71FD00642883 /* Server.swift */; };
		E7565815292A7A2100642883 /* Server+Status.swift in Sources */ = {isa = PBXBuildFile; fileRef = E756580F292A723E00642883 /* Server+Status.swift */; };
		E79483CA292F66B200145119 /* System+Convenience.swift in Sources */ = {isa = PBXBuildFile; fileRef = E79483C9292F66B200145119 /* System+Convenience.swift */; };
		E79483CC292F6DAC00145119 /* Combine+Convenience.swift in Sources */ = {isa = PBXBuildFile; fileRef = E79483CB292F6DAC00145119 /* Combine+Convenience.swift */; };
		E7E55D1F292A802A00FFF6BF /* Files in Resources */ = {isa = PBXBuildFile; fileRef = E7E55D1E292A802A00FFF6BF /* Files */; };
		E7E5CCC5292FCA3B00645688 /* QRCode.swift in Sources */ = {isa = PBXBuildFile; fileRef = E7E5CCC4292FCA3B00645688 /* QRCode.swift */; };
/* End PBXBuildFile section */

/* Begin PBXFileReference section */
		E7273D4C293E7EC50051177D /* CircularTextView.swift */ = {isa = PBXFileReference; lastKnownFileType = sourcecode.swift; path = CircularTextView.swift; sourceTree = "<group>"; };
		E7273D4E293E89D20051177D /* Astronauts.swift */ = {isa = PBXFileReference; lastKnownFileType = sourcecode.swift; path = Astronauts.swift; sourceTree = "<group>"; };
		E75657F4292A6D4600642883 /* ServerSide.swift.app */ = {isa = PBXFileReference; explicitFileType = wrapper.application; includeInIndex = 0; path = ServerSide.swift.app; sourceTree = BUILT_PRODUCTS_DIR; };
		E75657F7292A6D4600642883 /* ServerSide_swiftApp.swift */ = {isa = PBXFileReference; lastKnownFileType = sourcecode.swift; path = ServerSide_swiftApp.swift; sourceTree = "<group>"; };
		E75657F9292A6D4600642883 /* ContentView.swift */ = {isa = PBXFileReference; lastKnownFileType = sourcecode.swift; path = ContentView.swift; sourceTree = "<group>"; };
		E75657FB292A6D4700642883 /* Assets.xcassets */ = {isa = PBXFileReference; lastKnownFileType = folder.assetcatalog; path = Assets.xcassets; sourceTree = "<group>"; };
		E75657FE292A6D4700642883 /* Preview Assets.xcassets */ = {isa = PBXFileReference; lastKnownFileType = folder.assetcatalog; path = "Preview Assets.xcassets"; sourceTree = "<group>"; };
		E756580B292A6FCC00642883 /* ContentView+ViewModel.swift */ = {isa = PBXFileReference; lastKnownFileType = sourcecode.swift; path = "ContentView+ViewModel.swift"; sourceTree = "<group>"; };
		E756580D292A71FD00642883 /* Server.swift */ = {isa = PBXFileReference; lastKnownFileType = sourcecode.swift; path = Server.swift; sourceTree = "<group>"; };
		E756580F292A723E00642883 /* Server+Status.swift */ = {isa = PBXFileReference; lastKnownFileType = sourcecode.swift; path = "Server+Status.swift"; sourceTree = "<group>"; };
		E79483C9292F66B200145119 /* System+Convenience.swift */ = {isa = PBXFileReference; lastKnownFileType = sourcecode.swift; path = "System+Convenience.swift"; sourceTree = "<group>"; };
		E79483CB292F6DAC00145119 /* Combine+Convenience.swift */ = {isa = PBXFileReference; lastKnownFileType = sourcecode.swift; path = "Combine+Convenience.swift"; sourceTree = "<group>"; };
		E7E55D1E292A802A00FFF6BF /* Files */ = {isa = PBXFileReference; fileEncoding = 4; lastKnownFileType = text; name = Files; path = ServerSide.swift/Files; sourceTree = SOURCE_ROOT; };
		E7E5CCC4292FCA3B00645688 /* QRCode.swift */ = {isa = PBXFileReference; lastKnownFileType = sourcecode.swift; path = QRCode.swift; sourceTree = "<group>"; };
/* End PBXFileReference section */

/* Begin PBXFrameworksBuildPhase section */
		E75657F1292A6D4600642883 /* Frameworks */ = {
			isa = PBXFrameworksBuildPhase;
			buildActionMask = 2147483647;
			files = (
				E756580A292A6EB300642883 /* Leaf in Frameworks */,
				E7565807292A6E6100642883 /* Vapor in Frameworks */,
			);
			runOnlyForDeploymentPostprocessing = 0;
		};
/* End PBXFrameworksBuildPhase section */

/* Begin PBXGroup section */
		E75657EB292A6D4600642883 = {
			isa = PBXGroup;
			children = (
				E75657F6292A6D4600642883 /* ServerSide.swift */,
				E75657F5292A6D4600642883 /* Products */,
			);
			sourceTree = "<group>";
		};
		E75657F5292A6D4600642883 /* Products */ = {
			isa = PBXGroup;
			children = (
				E75657F4292A6D4600642883 /* ServerSide.swift.app */,
			);
			name = Products;
			sourceTree = "<group>";
		};
		E75657F6292A6D4600642883 /* ServerSide.swift */ = {
			isa = PBXGroup;
			children = (
				E75657FB292A6D4700642883 /* Assets.xcassets */,
				E79483CB292F6DAC00145119 /* Combine+Convenience.swift */,
				E75657F9292A6D4600642883 /* ContentView.swift */,
				E7273D4E293E89D20051177D /* Astronauts.swift */,
				E7273D4C293E7EC50051177D /* CircularTextView.swift */,
				E756580B292A6FCC00642883 /* ContentView+ViewModel.swift */,
				E7E55D1E292A802A00FFF6BF /* Files */,
				E75657FD292A6D4700642883 /* Preview Content */,
				E7E5CCC4292FCA3B00645688 /* QRCode.swift */,
				E756580D292A71FD00642883 /* Server.swift */,
				E756580F292A723E00642883 /* Server+Status.swift */,
				E75657F7292A6D4600642883 /* ServerSide_swiftApp.swift */,
				E79483C9292F66B200145119 /* System+Convenience.swift */,
			);
			path = ServerSide.swift;
			sourceTree = "<group>";
		};
		E75657FD292A6D4700642883 /* Preview Content */ = {
			isa = PBXGroup;
			children = (
				E75657FE292A6D4700642883 /* Preview Assets.xcassets */,
			);
			path = "Preview Content";
			sourceTree = "<group>";
		};
/* End PBXGroup section */

/* Begin PBXNativeTarget section */
		E75657F3292A6D4600642883 /* ServerSide.swift */ = {
			isa = PBXNativeTarget;
			buildConfigurationList = E7565802292A6D4700642883 /* Build configuration list for PBXNativeTarget "ServerSide.swift" */;
			buildPhases = (
				E75657F0292A6D4600642883 /* Sources */,
				E75657F1292A6D4600642883 /* Frameworks */,
				E75657F2292A6D4600642883 /* Resources */,
			);
			buildRules = (
			);
			dependencies = (
			);
			name = ServerSide.swift;
			packageProductDependencies = (
				E7565806292A6E6100642883 /* Vapor */,
				E7565809292A6EB300642883 /* Leaf */,
			);
			productName = ServerSide.swift;
			productReference = E75657F4292A6D4600642883 /* ServerSide.swift.app */;
			productType = "com.apple.product-type.application";
		};
/* End PBXNativeTarget section */

/* Begin PBXProject section */
		E75657EC292A6D4600642883 /* Project object */ = {
			isa = PBXProject;
			attributes = {
				BuildIndependentTargetsInParallel = 1;
				LastSwiftUpdateCheck = 1410;
				LastUpgradeCheck = 1410;
				TargetAttributes = {
					E75657F3292A6D4600642883 = {
						CreatedOnToolsVersion = 14.1;
					};
				};
			};
			buildConfigurationList = E75657EF292A6D4600642883 /* Build configuration list for PBXProject "ServerSide.swift" */;
			compatibilityVersion = "Xcode 14.0";
			developmentRegion = en;
			hasScannedForEncodings = 0;
			knownRegions = (
				en,
				Base,
			);
			mainGroup = E75657EB292A6D4600642883;
			packageReferences = (
				E7565805292A6E6100642883 /* XCRemoteSwiftPackageReference "vapor" */,
				E7565808292A6EB300642883 /* XCRemoteSwiftPackageReference "leaf" */,
			);
			productRefGroup = E75657F5292A6D4600642883 /* Products */;
			projectDirPath = "";
			projectRoot = "";
			targets = (
				E75657F3292A6D4600642883 /* ServerSide.swift */,
			);
		};
/* End PBXProject section */

/* Begin PBXResourcesBuildPhase section */
		E75657F2292A6D4600642883 /* Resources */ = {
			isa = PBXResourcesBuildPhase;
			buildActionMask = 2147483647;
			files = (
				E7E55D1F292A802A00FFF6BF /* Files in Resources */,
				E75657FF292A6D4700642883 /* Preview Assets.xcassets in Resources */,
				E75657FC292A6D4700642883 /* Assets.xcassets in Resources */,
			);
			runOnlyForDeploymentPostprocessing = 0;
		};
/* End PBXResourcesBuildPhase section */

/* Begin PBXSourcesBuildPhase section */
		E75657F0292A6D4600642883 /* Sources */ = {
			isa = PBXSourcesBuildPhase;
			buildActionMask = 2147483647;
			files = (
				E79483CA292F66B200145119 /* System+Convenience.swift in Sources */,
				E75657FA292A6D4600642883 /* ContentView.swift in Sources */,
				E7273D4D293E7EC50051177D /* CircularTextView.swift in Sources */,
				E75657F8292A6D4600642883 /* ServerSide_swiftApp.swift in Sources */,
				E7565815292A7A2100642883 /* Server+Status.swift in Sources */,
				E756580E292A71FD00642883 /* Server.swift in Sources */,
				E7E5CCC5292FCA3B00645688 /* QRCode.swift in Sources */,
				E7273D4F293E89D20051177D /* Astronauts.swift in Sources */,
				E79483CC292F6DAC00145119 /* Combine+Convenience.swift in Sources */,
				E756580C292A6FCC00642883 /* ContentView+ViewModel.swift in Sources */,
			);
			runOnlyForDeploymentPostprocessing = 0;
		};
/* End PBXSourcesBuildPhase section */

/* Begin XCBuildConfiguration section */
		E7565800292A6D4700642883 /* Debug */ = {
			isa = XCBuildConfiguration;
			buildSettings = {
				ALWAYS_SEARCH_USER_PATHS = NO;
				CLANG_ANALYZER_NONNULL = YES;
				CLANG_ANALYZER_NUMBER_OBJECT_CONVERSION = YES_AGGRESSIVE;
				CLANG_CXX_LANGUAGE_STANDARD = "gnu++20";
				CLANG_ENABLE_MODULES = YES;
				CLANG_ENABLE_OBJC_ARC = YES;
				CLANG_ENABLE_OBJC_WEAK = YES;
				CLANG_WARN_BLOCK_CAPTURE_AUTORELEASING = YES;
				CLANG_WARN_BOOL_CONVERSION = YES;
				CLANG_WARN_COMMA = YES;
				CLANG_WARN_CONSTANT_CONVERSION = YES;
				CLANG_WARN_DEPRECATED_OBJC_IMPLEMENTATIONS = YES;
				CLANG_WARN_DIRECT_OBJC_ISA_USAGE = YES_ERROR;
				CLANG_WARN_DOCUMENTATION_COMMENTS = YES;
				CLANG_WARN_EMPTY_BODY = YES;
				CLANG_WARN_ENUM_CONVERSION = YES;
				CLANG_WARN_INFINITE_RECURSION = YES;
				CLANG_WARN_INT_CONVERSION = YES;
				CLANG_WARN_NON_LITERAL_NULL_CONVERSION = YES;
				CLANG_WARN_OBJC_IMPLICIT_RETAIN_SELF = YES;
				CLANG_WARN_OBJC_LITERAL_CONVERSION = YES;
				CLANG_WARN_OBJC_ROOT_CLASS = YES_ERROR;
				CLANG_WARN_QUOTED_INCLUDE_IN_FRAMEWORK_HEADER = YES;
				CLANG_WARN_RANGE_LOOP_ANALYSIS = YES;
				CLANG_WARN_STRICT_PROTOTYPES = YES;
				CLANG_WARN_SUSPICIOUS_MOVE = YES;
				CLANG_WARN_UNGUARDED_AVAILABILITY = YES_AGGRESSIVE;
				CLANG_WARN_UNREACHABLE_CODE = YES;
				CLANG_WARN__DUPLICATE_METHOD_MATCH = YES;
				COPY_PHASE_STRIP = NO;
				DEBUG_INFORMATION_FORMAT = dwarf;
				ENABLE_STRICT_OBJC_MSGSEND = YES;
				ENABLE_TESTABILITY = YES;
				GCC_C_LANGUAGE_STANDARD = gnu11;
				GCC_DYNAMIC_NO_PIC = NO;
				GCC_NO_COMMON_BLOCKS = YES;
				GCC_OPTIMIZATION_LEVEL = 0;
				GCC_PREPROCESSOR_DEFINITIONS = (
					"DEBUG=1",
					"$(inherited)",
				);
				GCC_WARN_64_TO_32_BIT_CONVERSION = YES;
				GCC_WARN_ABOUT_RETURN_TYPE = YES_ERROR;
				GCC_WARN_UNDECLARED_SELECTOR = YES;
				GCC_WARN_UNINITIALIZED_AUTOS = YES_AGGRESSIVE;
				GCC_WARN_UNUSED_FUNCTION = YES;
				GCC_WARN_UNUSED_VARIABLE = YES;
				IPHONEOS_DEPLOYMENT_TARGET = 16.1;
				MTL_ENABLE_DEBUG_INFO = INCLUDE_SOURCE;
				MTL_FAST_MATH = YES;
				ONLY_ACTIVE_ARCH = YES;
				SDKROOT = iphoneos;
				SWIFT_ACTIVE_COMPILATION_CONDITIONS = DEBUG;
				SWIFT_OPTIMIZATION_LEVEL = "-Onone";
			};
			name = Debug;
		};
		E7565801292A6D4700642883 /* Release */ = {
			isa = XCBuildConfiguration;
			buildSettings = {
				ALWAYS_SEARCH_USER_PATHS = NO;
				CLANG_ANALYZER_NONNULL = YES;
				CLANG_ANALYZER_NUMBER_OBJECT_CONVERSION = YES_AGGRESSIVE;
				CLANG_CXX_LANGUAGE_STANDARD = "gnu++20";
				CLANG_ENABLE_MODULES = YES;
				CLANG_ENABLE_OBJC_ARC = YES;
				CLANG_ENABLE_OBJC_WEAK = YES;
				CLANG_WARN_BLOCK_CAPTURE_AUTORELEASING = YES;
				CLANG_WARN_BOOL_CONVERSION = YES;
				CLANG_WARN_COMMA = YES;
				CLANG_WARN_CONSTANT_CONVERSION = YES;
				CLANG_WARN_DEPRECATED_OBJC_IMPLEMENTATIONS = YES;
				CLANG_WARN_DIRECT_OBJC_ISA_USAGE = YES_ERROR;
				CLANG_WARN_DOCUMENTATION_COMMENTS = YES;
				CLANG_WARN_EMPTY_BODY = YES;
				CLANG_WARN_ENUM_CONVERSION = YES;
				CLANG_WARN_INFINITE_RECURSION = YES;
				CLANG_WARN_INT_CONVERSION = YES;
				CLANG_WARN_NON_LITERAL_NULL_CONVERSION = YES;
				CLANG_WARN_OBJC_IMPLICIT_RETAIN_SELF = YES;
				CLANG_WARN_OBJC_LITERAL_CONVERSION = YES;
				CLANG_WARN_OBJC_ROOT_CLASS = YES_ERROR;
				CLANG_WARN_QUOTED_INCLUDE_IN_FRAMEWORK_HEADER = YES;
				CLANG_WARN_RANGE_LOOP_ANALYSIS = YES;
				CLANG_WARN_STRICT_PROTOTYPES = YES;
				CLANG_WARN_SUSPICIOUS_MOVE = YES;
				CLANG_WARN_UNGUARDED_AVAILABILITY = YES_AGGRESSIVE;
				CLANG_WARN_UNREACHABLE_CODE = YES;
				CLANG_WARN__DUPLICATE_METHOD_MATCH = YES;
				COPY_PHASE_STRIP = NO;
				DEBUG_INFORMATION_FORMAT = "dwarf-with-dsym";
				ENABLE_NS_ASSERTIONS = NO;
				ENABLE_STRICT_OBJC_MSGSEND = YES;
				GCC_C_LANGUAGE_STANDARD = gnu11;
				GCC_NO_COMMON_BLOCKS = YES;
				GCC_WARN_64_TO_32_BIT_CONVERSION = YES;
				GCC_WARN_ABOUT_RETURN_TYPE = YES_ERROR;
				GCC_WARN_UNDECLARED_SELECTOR = YES;
				GCC_WARN_UNINITIALIZED_AUTOS = YES_AGGRESSIVE;
				GCC_WARN_UNUSED_FUNCTION = YES;
				GCC_WARN_UNUSED_VARIABLE = YES;
				IPHONEOS_DEPLOYMENT_TARGET = 16.1;
				MTL_ENABLE_DEBUG_INFO = NO;
				MTL_FAST_MATH = YES;
				SDKROOT = iphoneos;
				SWIFT_COMPILATION_MODE = wholemodule;
				SWIFT_OPTIMIZATION_LEVEL = "-O";
				VALIDATE_PRODUCT = YES;
			};
			name = Release;
		};
		E7565803292A6D4700642883 /* Debug */ = {
			isa = XCBuildConfiguration;
			buildSettings = {
				ASSETCATALOG_COMPILER_APPICON_NAME = AppIcon;
				ASSETCATALOG_COMPILER_GLOBAL_ACCENT_COLOR_NAME = AccentColor;
				CODE_SIGN_STYLE = Automatic;
				CURRENT_PROJECT_VERSION = 1;
				DEVELOPMENT_ASSET_PATHS = "\"ServerSide.swift/Preview Content\"";
				DEVELOPMENT_TEAM = 45V7YBK65N;
				ENABLE_PREVIEWS = YES;
				GENERATE_INFOPLIST_FILE = YES;
				INFOPLIST_KEY_UIApplicationSceneManifest_Generation = YES;
				INFOPLIST_KEY_UIApplicationSupportsIndirectInputEvents = YES;
				INFOPLIST_KEY_UILaunchScreen_Generation = YES;
				INFOPLIST_KEY_UISupportedInterfaceOrientations_iPad = "UIInterfaceOrientationPortrait UIInterfaceOrientationPortraitUpsideDown UIInterfaceOrientationLandscapeLeft UIInterfaceOrientationLandscapeRight";
				INFOPLIST_KEY_UISupportedInterfaceOrientations_iPhone = "UIInterfaceOrientationPortrait UIInterfaceOrientationLandscapeLeft UIInterfaceOrientationLandscapeRight";
				IPHONEOS_DEPLOYMENT_TARGET = 16.0;
				LD_RUNPATH_SEARCH_PATHS = (
					"$(inherited)",
					"@executable_path/Frameworks",
				);
				MARKETING_VERSION = 1.0;
				PRODUCT_BUNDLE_IDENTIFIER = "dev.skwiggs.ServerSide-swift";
				PRODUCT_NAME = "$(TARGET_NAME)";
				SUPPORTED_PLATFORMS = "iphoneos iphonesimulator";
				SUPPORTS_MACCATALYST = NO;
				SUPPORTS_MAC_DESIGNED_FOR_IPHONE_IPAD = NO;
				SWIFT_EMIT_LOC_STRINGS = YES;
				SWIFT_VERSION = 5.0;
				TARGETED_DEVICE_FAMILY = 1;
			};
			name = Debug;
		};
		E7565804292A6D4700642883 /* Release */ = {
			isa = XCBuildConfiguration;
			buildSettings = {
				ASSETCATALOG_COMPILER_APPICON_NAME = AppIcon;
				ASSETCATALOG_COMPILER_GLOBAL_ACCENT_COLOR_NAME = AccentColor;
				CODE_SIGN_STYLE = Automatic;
				CURRENT_PROJECT_VERSION = 1;
				DEVELOPMENT_ASSET_PATHS = "\"ServerSide.swift/Preview Content\"";
				DEVELOPMENT_TEAM = 45V7YBK65N;
				ENABLE_PREVIEWS = YES;
				GENERATE_INFOPLIST_FILE = YES;
				INFOPLIST_KEY_UIApplicationSceneManifest_Generation = YES;
				INFOPLIST_KEY_UIApplicationSupportsIndirectInputEvents = YES;
				INFOPLIST_KEY_UILaunchScreen_Generation = YES;
				INFOPLIST_KEY_UISupportedInterfaceOrientations_iPad = "UIInterfaceOrientationPortrait UIInterfaceOrientationPortraitUpsideDown UIInterfaceOrientationLandscapeLeft UIInterfaceOrientationLandscapeRight";
				INFOPLIST_KEY_UISupportedInterfaceOrientations_iPhone = "UIInterfaceOrientationPortrait UIInterfaceOrientationLandscapeLeft UIInterfaceOrientationLandscapeRight";
				IPHONEOS_DEPLOYMENT_TARGET = 16.0;
				LD_RUNPATH_SEARCH_PATHS = (
					"$(inherited)",
					"@executable_path/Frameworks",
				);
				MARKETING_VERSION = 1.0;
				PRODUCT_BUNDLE_IDENTIFIER = "dev.skwiggs.ServerSide-swift";
				PRODUCT_NAME = "$(TARGET_NAME)";
				SUPPORTED_PLATFORMS = "iphoneos iphonesimulator";
				SUPPORTS_MACCATALYST = NO;
				SUPPORTS_MAC_DESIGNED_FOR_IPHONE_IPAD = NO;
				SWIFT_EMIT_LOC_STRINGS = YES;
				SWIFT_VERSION = 5.0;
				TARGETED_DEVICE_FAMILY = 1;
			};
			name = Release;
		};
/* End XCBuildConfiguration section */

/* Begin XCConfigurationList section */
		E75657EF292A6D4600642883 /* Build configuration list for PBXProject "ServerSide.swift" */ = {
			isa = XCConfigurationList;
			buildConfigurations = (
				E7565800292A6D4700642883 /* Debug */,
				E7565801292A6D4700642883 /* Release */,
			);
			defaultConfigurationIsVisible = 0;
			defaultConfigurationName = Release;
		};
		E7565802292A6D4700642883 /* Build configuration list for PBXNativeTarget "ServerSide.swift" */ = {
			isa = XCConfigurationList;
			buildConfigurations = (
				E7565803292A6D4700642883 /* Debug */,
				E7565804292A6D4700642883 /* Release */,
			);
			defaultConfigurationIsVisible = 0;
			defaultConfigurationName = Release;
		};
/* End XCConfigurationList section */

/* Begin XCRemoteSwiftPackageReference section */
		E7565805292A6E6100642883 /* XCRemoteSwiftPackageReference "vapor" */ = {
			isa = XCRemoteSwiftPackageReference;
			repositoryURL = "https://github.com/vapor/vapor.git";
			requirement = {
				kind = exactVersion;
				version = 4.66.1;
			};
		};
		E7565808292A6EB300642883 /* XCRemoteSwiftPackageReference "leaf" */ = {
			isa = XCRemoteSwiftPackageReference;
			repositoryURL = "https://github.com/vapor/leaf.git";
			requirement = {
				kind = exactVersion;
				version = 4.2.2;
			};
		};
/* End XCRemoteSwiftPackageReference section */

/* Begin XCSwiftPackageProductDependency section */
		E7565806292A6E6100642883 /* Vapor */ = {
			isa = XCSwiftPackageProductDependency;
			package = E7565805292A6E6100642883 /* XCRemoteSwiftPackageReference "vapor" */;
			productName = Vapor;
		};
		E7565809292A6EB300642883 /* Leaf */ = {
			isa = XCSwiftPackageProductDependency;
			package = E7565808292A6EB300642883 /* XCRemoteSwiftPackageReference "leaf" */;
			productName = Leaf;
		};
/* End XCSwiftPackageProductDependency section */
	};
	rootObject = E75657EC292A6D4600642883 /* Project object */;
}
